
Microsoft Visual Studio Solution File, Format Version 12.00
# Visual Studio 15
VisualStudioVersion = 15.0.28307.271
MinimumVisualStudioVersion = 10.0.40219.1
Project("{00D1A9C2-B5F0-4AF3-8072-F6C62B433612}") = "CinemaReservation.Database", "CinemaReservation.Database\CinemaReservation.Database.sqlproj", "{22FA86A7-46C6-4ED6-8466-1E4462E8A12A}"
EndProject
Project("{FAE04EC0-301F-11D3-BF4B-00C04F79EFBC}") = "CinemaReservation.PresentationLayer", "CinemaReservation.PresentationLayer\CinemaReservation.PresentationLayer.csproj", "{8D0A6299-8B0A-4C99-B475-FD5220BAD66F}"
EndProject
Global
	GlobalSection(SolutionConfigurationPlatforms) = preSolution
		Debug|Any CPU = Debug|Any CPU
		Release|Any CPU = Release|Any CPU
	EndGlobalSection
	GlobalSection(ProjectConfigurationPlatforms) = postSolution
		{22FA86A7-46C6-4ED6-8466-1E4462E8A12A}.Debug|Any CPU.ActiveCfg = Debug|Any CPU
		{22FA86A7-46C6-4ED6-8466-1E4462E8A12A}.Debug|Any CPU.Build.0 = Debug|Any CPU
		{22FA86A7-46C6-4ED6-8466-1E4462E8A12A}.Debug|Any CPU.Deploy.0 = Debug|Any CPU
		{22FA86A7-46C6-4ED6-8466-1E4462E8A12A}.Release|Any CPU.ActiveCfg = Release|Any CPU
		{22FA86A7-46C6-4ED6-8466-1E4462E8A12A}.Release|Any CPU.Build.0 = Release|Any CPU
		{22FA86A7-46C6-4ED6-8466-1E4462E8A12A}.Release|Any CPU.Deploy.0 = Release|Any CPU
		{8D0A6299-8B0A-4C99-B475-FD5220BAD66F}.Debug|Any CPU.ActiveCfg = Debug|Any CPU
		{8D0A6299-8B0A-4C99-B475-FD5220BAD66F}.Debug|Any CPU.Build.0 = Debug|Any CPU
		{8D0A6299-8B0A-4C99-B475-FD5220BAD66F}.Release|Any CPU.ActiveCfg = Release|Any CPU
		{8D0A6299-8B0A-4C99-B475-FD5220BAD66F}.Release|Any CPU.Build.0 = Release|Any CPU
	EndGlobalSection
	GlobalSection(SolutionProperties) = preSolution
		HideSolutionNode = FALSE
	EndGlobalSection
	GlobalSection(ExtensibilityGlobals) = postSolution
		SolutionGuid = {38D0152E-37CC-4628-9DC4-38331BC5E697}
	EndGlobalSection
EndGlobal
